
Microsoft Visual Studio Solution File, Format Version 12.00
# Visual Studio 15
VisualStudioVersion = 15.0.27703.2042
MinimumVisualStudioVersion = 10.0.40219.1
Project("{2150E333-8FDC-42A3-9474-1A3956D46DE8}") = "src", "src", "{81244C6E-B5DE-4F88-8B81-1EF8529CAAC0}"
EndProject
Project("{2150E333-8FDC-42A3-9474-1A3956D46DE8}") = "services", "services", "{B8C2F1AC-5573-4B23-A6E0-DE458C8732C6}"
EndProject
Project("{E53339B2-1760-4266-BCC7-CA923CBCF16C}") = "docker-compose", "docker-compose.dcproj", "{18C84D4C-B607-4723-9268-9307F2D24C8E}"
EndProject
Project("{9A19103F-16F7-4668-BE54-9A1E7A4F7556}") = "OrderProcessorAPI", "OrderProcessorAPI\OrderProcessorAPI.csproj", "{0950C14C-B3C6-4576-82CF-97DAF7F138BD}"
EndProject
Project("{9A19103F-16F7-4668-BE54-9A1E7A4F7556}") = "EventCatalogAPI", "EventCatalogAPI\EventCatalogAPI.csproj", "{43507436-6C16-4EB7-A66F-7362B70525DB}"
EndProject
Project("{9A19103F-16F7-4668-BE54-9A1E7A4F7556}") = "TokenServiceAPI", "TokenServiceAPI\TokenServiceAPI.csproj", "{F6E2BEE6-41EA-44A5-A6A1-52CF8F57CA8A}"
EndProject
Project("{2150E333-8FDC-42A3-9474-1A3956D46DE8}") = "web", "web", "{1867518F-91C5-4592-B602-AB23B57E793B}"
EndProject
Project("{9A19103F-16F7-4668-BE54-9A1E7A4F7556}") = "WebMvcClient", "WebMvcClient\WebMvcClient.csproj", "{1BE1A994-7EFD-4075-A31C-21BC9CFB6669}"
EndProject
Project("{9A19103F-16F7-4668-BE54-9A1E7A4F7556}") = "CartAPI", "CartAPI\CartAPI.csproj", "{EDAD1D4E-5C0C-4568-8BCC-DF72E1CD0DA0}"
EndProject
Global
	GlobalSection(SolutionConfigurationPlatforms) = preSolution
		Debug|Any CPU = Debug|Any CPU
		Release|Any CPU = Release|Any CPU
	EndGlobalSection
	GlobalSection(ProjectConfigurationPlatforms) = postSolution
		{18C84D4C-B607-4723-9268-9307F2D24C8E}.Debug|Any CPU.ActiveCfg = Debug|Any CPU
		{18C84D4C-B607-4723-9268-9307F2D24C8E}.Debug|Any CPU.Build.0 = Debug|Any CPU
		{18C84D4C-B607-4723-9268-9307F2D24C8E}.Release|Any CPU.ActiveCfg = Release|Any CPU
		{18C84D4C-B607-4723-9268-9307F2D24C8E}.Release|Any CPU.Build.0 = Release|Any CPU
		{0950C14C-B3C6-4576-82CF-97DAF7F138BD}.Debug|Any CPU.ActiveCfg = Debug|Any CPU
		{0950C14C-B3C6-4576-82CF-97DAF7F138BD}.Debug|Any CPU.Build.0 = Debug|Any CPU
		{0950C14C-B3C6-4576-82CF-97DAF7F138BD}.Release|Any CPU.ActiveCfg = Release|Any CPU
		{0950C14C-B3C6-4576-82CF-97DAF7F138BD}.Release|Any CPU.Build.0 = Release|Any CPU
		{43507436-6C16-4EB7-A66F-7362B70525DB}.Debug|Any CPU.ActiveCfg = Debug|Any CPU
		{43507436-6C16-4EB7-A66F-7362B70525DB}.Debug|Any CPU.Build.0 = Debug|Any CPU
		{43507436-6C16-4EB7-A66F-7362B70525DB}.Release|Any CPU.ActiveCfg = Release|Any CPU
		{43507436-6C16-4EB7-A66F-7362B70525DB}.Release|Any CPU.Build.0 = Release|Any CPU
		{F6E2BEE6-41EA-44A5-A6A1-52CF8F57CA8A}.Debug|Any CPU.ActiveCfg = Debug|Any CPU
		{F6E2BEE6-41EA-44A5-A6A1-52CF8F57CA8A}.Debug|Any CPU.Build.0 = Debug|Any CPU
		{F6E2BEE6-41EA-44A5-A6A1-52CF8F57CA8A}.Release|Any CPU.ActiveCfg = Release|Any CPU
		{F6E2BEE6-41EA-44A5-A6A1-52CF8F57CA8A}.Release|Any CPU.Build.0 = Release|Any CPU
		{1BE1A994-7EFD-4075-A31C-21BC9CFB6669}.Debug|Any CPU.ActiveCfg = Debug|Any CPU
		{1BE1A994-7EFD-4075-A31C-21BC9CFB6669}.Debug|Any CPU.Build.0 = Debug|Any CPU
		{1BE1A994-7EFD-4075-A31C-21BC9CFB6669}.Release|Any CPU.ActiveCfg = Release|Any CPU
		{1BE1A994-7EFD-4075-A31C-21BC9CFB6669}.Release|Any CPU.Build.0 = Release|Any CPU
		{EDAD1D4E-5C0C-4568-8BCC-DF72E1CD0DA0}.Debug|Any CPU.ActiveCfg = Debug|Any CPU
		{EDAD1D4E-5C0C-4568-8BCC-DF72E1CD0DA0}.Debug|Any CPU.Build.0 = Debug|Any CPU
		{EDAD1D4E-5C0C-4568-8BCC-DF72E1CD0DA0}.Release|Any CPU.ActiveCfg = Release|Any CPU
		{EDAD1D4E-5C0C-4568-8BCC-DF72E1CD0DA0}.Release|Any CPU.Build.0 = Release|Any CPU
	EndGlobalSection
	GlobalSection(SolutionProperties) = preSolution
		HideSolutionNode = FALSE
	EndGlobalSection
	GlobalSection(NestedProjects) = preSolution
		{B8C2F1AC-5573-4B23-A6E0-DE458C8732C6} = {81244C6E-B5DE-4F88-8B81-1EF8529CAAC0}
		{0950C14C-B3C6-4576-82CF-97DAF7F138BD} = {B8C2F1AC-5573-4B23-A6E0-DE458C8732C6}
		{43507436-6C16-4EB7-A66F-7362B70525DB} = {B8C2F1AC-5573-4B23-A6E0-DE458C8732C6}
		{F6E2BEE6-41EA-44A5-A6A1-52CF8F57CA8A} = {B8C2F1AC-5573-4B23-A6E0-DE458C8732C6}
		{1BE1A994-7EFD-4075-A31C-21BC9CFB6669} = {1867518F-91C5-4592-B602-AB23B57E793B}
		{EDAD1D4E-5C0C-4568-8BCC-DF72E1CD0DA0} = {B8C2F1AC-5573-4B23-A6E0-DE458C8732C6}
	EndGlobalSection
	GlobalSection(ExtensibilityGlobals) = postSolution
		SolutionGuid = {D4017700-F671-46F4-B3EF-67CEDADFF2ED}
	EndGlobalSection
EndGlobal
